
Microsoft Visual Studio Solution File, Format Version 11.00
# Visual Studio 2010
Project("{656346D9-4656-40DA-A068-22D5425D4639}") = "RemObjects.Script.Silverlight", "RemObjects.Script\RemObjects.Script.Silverlight.oxygene", "{BC50D376-AC6B-460D-B485-0CE90C2A4565}"
EndProject
Global
	GlobalSection(SolutionConfigurationPlatforms) = preSolution
		Debug|AnyCPU = Debug|AnyCPU
		Release|AnyCPU = Release|AnyCPU
	EndGlobalSection
	GlobalSection(ProjectConfigurationPlatforms) = postSolution
		{BC50D376-AC6B-460D-B485-0CE90C2A4565}.Debug|AnyCPU.ActiveCfg = Debug|AnyCPU
		{BC50D376-AC6B-460D-B485-0CE90C2A4565}.Debug|AnyCPU.Build.0 = Debug|AnyCPU
		{BC50D376-AC6B-460D-B485-0CE90C2A4565}.Release|AnyCPU.ActiveCfg = Release|AnyCPU
		{BC50D376-AC6B-460D-B485-0CE90C2A4565}.Release|AnyCPU.Build.0 = Release|AnyCPU
	EndGlobalSection
	GlobalSection(SolutionProperties) = preSolution
		HideSolutionNode = FALSE
	EndGlobalSection
EndGlobal
